
Microsoft Visual Studio Solution File, Format Version 12.00
# Visual Studio Version 17
VisualStudioVersion = 17.7.34024.191
MinimumVisualStudioVersion = 10.0.40219.1
Project("{FAE04EC0-301F-11D3-BF4B-00C04F79EFBC}") = "Дз11", "Дз11.csproj", "{B6BC0F4D-E222-42FB-808E-C31C2E75772A}"
EndProject
Global
	GlobalSection(SolutionConfigurationPlatforms) = preSolution
		Debug|Any CPU = Debug|Any CPU
		Release|Any CPU = Release|Any CPU
	EndGlobalSection
	GlobalSection(ProjectConfigurationPlatforms) = postSolution
		{B6BC0F4D-E222-42FB-808E-C31C2E75772A}.Debug|Any CPU.ActiveCfg = Debug|Any CPU
		{B6BC0F4D-E222-42FB-808E-C31C2E75772A}.Debug|Any CPU.Build.0 = Debug|Any CPU
		{B6BC0F4D-E222-42FB-808E-C31C2E75772A}.Release|Any CPU.ActiveCfg = Release|Any CPU
		{B6BC0F4D-E222-42FB-808E-C31C2E75772A}.Release|Any CPU.Build.0 = Release|Any CPU
	EndGlobalSection
	GlobalSection(SolutionProperties) = preSolution
		HideSolutionNode = FALSE
	EndGlobalSection
	GlobalSection(ExtensibilityGlobals) = postSolution
		SolutionGuid = {7BC61F35-460F-4DBE-96D3-A82771157EAE}
	EndGlobalSection
EndGlobal
